// !$*UTF8*$!
{
	archiveVersion = 1;
	classes = {
	};
	objectVersion = 56;
	objects = {

/* Begin PBXBuildFile section */
		7739D2C52BF8E07E00D7A054 /* PlacesApp.swift in Sources */ = {isa = PBXBuildFile; fileRef = 7739D2C42BF8E07E00D7A054 /* PlacesApp.swift */; };
		7739D2C72BF8E07E00D7A054 /* LocationsListView.swift in Sources */ = {isa = PBXBuildFile; fileRef = 7739D2C62BF8E07E00D7A054 /* LocationsListView.swift */; };
		7739D2C92BF8E07F00D7A054 /* Assets.xcassets in Resources */ = {isa = PBXBuildFile; fileRef = 7739D2C82BF8E07F00D7A054 /* Assets.xcassets */; };
		7739D2CC2BF8E07F00D7A054 /* Preview Assets.xcassets in Resources */ = {isa = PBXBuildFile; fileRef = 7739D2CB2BF8E07F00D7A054 /* Preview Assets.xcassets */; };
		7739D2D52BF8E32000D7A054 /* NetworkService.swift in Sources */ = {isa = PBXBuildFile; fileRef = 7739D2D42BF8E32000D7A054 /* NetworkService.swift */; };
		7739D2D72BF8E59A00D7A054 /* DefaultNetworkService.swift in Sources */ = {isa = PBXBuildFile; fileRef = 7739D2D62BF8E59A00D7A054 /* DefaultNetworkService.swift */; };
		7739D2DA2BF8E9A000D7A054 /* Places.swift in Sources */ = {isa = PBXBuildFile; fileRef = 7739D2D92BF8E9A000D7A054 /* Places.swift */; };
		7739D2DC2BF8E9A600D7A054 /* Location.swift in Sources */ = {isa = PBXBuildFile; fileRef = 7739D2DB2BF8E9A600D7A054 /* Location.swift */; };
		7739D2E42BF8EAB100D7A054 /* NetworkServiceTests.swift in Sources */ = {isa = PBXBuildFile; fileRef = 7739D2E32BF8EAB100D7A054 /* NetworkServiceTests.swift */; };
		7739D2EB2BF8EEEA00D7A054 /* MockURLProtocol.swift in Sources */ = {isa = PBXBuildFile; fileRef = 7739D2EA2BF8EEEA00D7A054 /* MockURLProtocol.swift */; };
		7739D2F12BF9030600D7A054 /* LocationsListViewModel.swift in Sources */ = {isa = PBXBuildFile; fileRef = 7739D2F02BF9030600D7A054 /* LocationsListViewModel.swift */; };
		7739D2FA2BFA0E0D00D7A054 /* URLComposable.swift in Sources */ = {isa = PBXBuildFile; fileRef = 7739D2F92BFA0E0D00D7A054 /* URLComposable.swift */; };
		7739D2FD2BFA0F8C00D7A054 /* URLComposableTests.swift in Sources */ = {isa = PBXBuildFile; fileRef = 7739D2FC2BFA0F8C00D7A054 /* URLComposableTests.swift */; };
		7739D2FF2BFA10D200D7A054 /* DefaultURLComposable.swift in Sources */ = {isa = PBXBuildFile; fileRef = 7739D2FE2BFA10D200D7A054 /* DefaultURLComposable.swift */; };
		7739D3052BFA200F00D7A054 /* URLOpenable.swift in Sources */ = {isa = PBXBuildFile; fileRef = 7739D3042BFA200F00D7A054 /* URLOpenable.swift */; };
		7739D30C2BFA252500D7A054 /* SearchView.swift in Sources */ = {isa = PBXBuildFile; fileRef = 7739D30B2BFA252500D7A054 /* SearchView.swift */; };
		7739D3112BFA31F000D7A054 /* ReverseGeocodable.swift in Sources */ = {isa = PBXBuildFile; fileRef = 7739D3102BFA31F000D7A054 /* ReverseGeocodable.swift */; };
		7739D3132BFA323C00D7A054 /* DefaultReverseGeocodable.swift in Sources */ = {isa = PBXBuildFile; fileRef = 7739D3122BFA323C00D7A054 /* DefaultReverseGeocodable.swift */; };
		7739D3152BFB2C6C00D7A054 /* MockNetworkService.swift in Sources */ = {isa = PBXBuildFile; fileRef = 7739D3142BFB2C6C00D7A054 /* MockNetworkService.swift */; };
		7739D3172BFB2CDE00D7A054 /* MockURLOpenable.swift in Sources */ = {isa = PBXBuildFile; fileRef = 7739D3162BFB2CDE00D7A054 /* MockURLOpenable.swift */; };
		7739D3192BFB2CFE00D7A054 /* MockReverseGeocoable.swift in Sources */ = {isa = PBXBuildFile; fileRef = 7739D3182BFB2CFE00D7A054 /* MockReverseGeocoable.swift */; };
		7739D31B2BFB2D2900D7A054 /* LocationsListViewModelTests.swift in Sources */ = {isa = PBXBuildFile; fileRef = 7739D31A2BFB2D2900D7A054 /* LocationsListViewModelTests.swift */; };
		7739D31D2BFB2D6700D7A054 /* MockURLComposable.swift in Sources */ = {isa = PBXBuildFile; fileRef = 7739D31C2BFB2D6700D7A054 /* MockURLComposable.swift */; };
		7739D31F2BFB353D00D7A054 /* LocationViewEntity.swift in Sources */ = {isa = PBXBuildFile; fileRef = 7739D31E2BFB353D00D7A054 /* LocationViewEntity.swift */; };
		7739D3212BFB356300D7A054 /* Constants.swift in Sources */ = {isa = PBXBuildFile; fileRef = 7739D3202BFB356300D7A054 /* Constants.swift */; };
		7739D3232BFB37CE00D7A054 /* LocationsListError.swift in Sources */ = {isa = PBXBuildFile; fileRef = 7739D3222BFB37CE00D7A054 /* LocationsListError.swift */; };
/* End PBXBuildFile section */

/* Begin PBXContainerItemProxy section */
		7739D2E52BF8EAB100D7A054 /* PBXContainerItemProxy */ = {
			isa = PBXContainerItemProxy;
			containerPortal = 7739D2B92BF8E07E00D7A054 /* Project object */;
			proxyType = 1;
			remoteGlobalIDString = 7739D2C02BF8E07E00D7A054;
			remoteInfo = Places;
		};
/* End PBXContainerItemProxy section */

/* Begin PBXFileReference section */
		7739D2C12BF8E07E00D7A054 /* Places.app */ = {isa = PBXFileReference; explicitFileType = wrapper.application; includeInIndex = 0; path = Places.app; sourceTree = BUILT_PRODUCTS_DIR; };
		7739D2C42BF8E07E00D7A054 /* PlacesApp.swift */ = {isa = PBXFileReference; lastKnownFileType = sourcecode.swift; path = PlacesApp.swift; sourceTree = "<group>"; };
		7739D2C62BF8E07E00D7A054 /* LocationsListView.swift */ = {isa = PBXFileReference; lastKnownFileType = sourcecode.swift; path = LocationsListView.swift; sourceTree = "<group>"; };
		7739D2C82BF8E07F00D7A054 /* Assets.xcassets */ = {isa = PBXFileReference; lastKnownFileType = folder.assetcatalog; path = Assets.xcassets; sourceTree = "<group>"; };
		7739D2CB2BF8E07F00D7A054 /* Preview Assets.xcassets */ = {isa = PBXFileReference; lastKnownFileType = folder.assetcatalog; path = "Preview Assets.xcassets"; sourceTree = "<group>"; };
		7739D2D42BF8E32000D7A054 /* NetworkService.swift */ = {isa = PBXFileReference; lastKnownFileType = sourcecode.swift; path = NetworkService.swift; sourceTree = "<group>"; };
		7739D2D62BF8E59A00D7A054 /* DefaultNetworkService.swift */ = {isa = PBXFileReference; lastKnownFileType = sourcecode.swift; path = DefaultNetworkService.swift; sourceTree = "<group>"; };
		7739D2D92BF8E9A000D7A054 /* Places.swift */ = {isa = PBXFileReference; lastKnownFileType = sourcecode.swift; path = Places.swift; sourceTree = "<group>"; };
		7739D2DB2BF8E9A600D7A054 /* Location.swift */ = {isa = PBXFileReference; lastKnownFileType = sourcecode.swift; path = Location.swift; sourceTree = "<group>"; };
		7739D2E12BF8EAB100D7A054 /* PlacesTests.xctest */ = {isa = PBXFileReference; explicitFileType = wrapper.cfbundle; includeInIndex = 0; path = PlacesTests.xctest; sourceTree = BUILT_PRODUCTS_DIR; };
		7739D2E32BF8EAB100D7A054 /* NetworkServiceTests.swift */ = {isa = PBXFileReference; lastKnownFileType = sourcecode.swift; path = NetworkServiceTests.swift; sourceTree = "<group>"; };
		7739D2EA2BF8EEEA00D7A054 /* MockURLProtocol.swift */ = {isa = PBXFileReference; lastKnownFileType = sourcecode.swift; path = MockURLProtocol.swift; sourceTree = "<group>"; };
		7739D2F02BF9030600D7A054 /* LocationsListViewModel.swift */ = {isa = PBXFileReference; lastKnownFileType = sourcecode.swift; path = LocationsListViewModel.swift; sourceTree = "<group>"; };
		7739D2F92BFA0E0D00D7A054 /* URLComposable.swift */ = {isa = PBXFileReference; lastKnownFileType = sourcecode.swift; path = URLComposable.swift; sourceTree = "<group>"; };
		7739D2FC2BFA0F8C00D7A054 /* URLComposableTests.swift */ = {isa = PBXFileReference; lastKnownFileType = sourcecode.swift; path = URLComposableTests.swift; sourceTree = "<group>"; };
		7739D2FE2BFA10D200D7A054 /* DefaultURLComposable.swift */ = {isa = PBXFileReference; lastKnownFileType = sourcecode.swift; path = DefaultURLComposable.swift; sourceTree = "<group>"; };
		7739D3042BFA200F00D7A054 /* URLOpenable.swift */ = {isa = PBXFileReference; lastKnownFileType = sourcecode.swift; path = URLOpenable.swift; sourceTree = "<group>"; };
		7739D30B2BFA252500D7A054 /* SearchView.swift */ = {isa = PBXFileReference; lastKnownFileType = sourcecode.swift; path = SearchView.swift; sourceTree = "<group>"; };
		7739D3102BFA31F000D7A054 /* ReverseGeocodable.swift */ = {isa = PBXFileReference; lastKnownFileType = sourcecode.swift; path = ReverseGeocodable.swift; sourceTree = "<group>"; };
		7739D3122BFA323C00D7A054 /* DefaultReverseGeocodable.swift */ = {isa = PBXFileReference; lastKnownFileType = sourcecode.swift; path = DefaultReverseGeocodable.swift; sourceTree = "<group>"; };
		7739D3142BFB2C6C00D7A054 /* MockNetworkService.swift */ = {isa = PBXFileReference; lastKnownFileType = sourcecode.swift; path = MockNetworkService.swift; sourceTree = "<group>"; };
		7739D3162BFB2CDE00D7A054 /* MockURLOpenable.swift */ = {isa = PBXFileReference; lastKnownFileType = sourcecode.swift; path = MockURLOpenable.swift; sourceTree = "<group>"; };
		7739D3182BFB2CFE00D7A054 /* MockReverseGeocoable.swift */ = {isa = PBXFileReference; lastKnownFileType = sourcecode.swift; path = MockReverseGeocoable.swift; sourceTree = "<group>"; };
		7739D31A2BFB2D2900D7A054 /* LocationsListViewModelTests.swift */ = {isa = PBXFileReference; lastKnownFileType = sourcecode.swift; path = LocationsListViewModelTests.swift; sourceTree = "<group>"; };
		7739D31C2BFB2D6700D7A054 /* MockURLComposable.swift */ = {isa = PBXFileReference; lastKnownFileType = sourcecode.swift; path = MockURLComposable.swift; sourceTree = "<group>"; };
		7739D31E2BFB353D00D7A054 /* LocationViewEntity.swift */ = {isa = PBXFileReference; lastKnownFileType = sourcecode.swift; path = LocationViewEntity.swift; sourceTree = "<group>"; };
		7739D3202BFB356300D7A054 /* Constants.swift */ = {isa = PBXFileReference; lastKnownFileType = sourcecode.swift; path = Constants.swift; sourceTree = "<group>"; };
		7739D3222BFB37CE00D7A054 /* LocationsListError.swift */ = {isa = PBXFileReference; lastKnownFileType = sourcecode.swift; path = LocationsListError.swift; sourceTree = "<group>"; };
/* End PBXFileReference section */

/* Begin PBXFrameworksBuildPhase section */
		7739D2BE2BF8E07E00D7A054 /* Frameworks */ = {
			isa = PBXFrameworksBuildPhase;
			buildActionMask = 2147483647;
			files = (
			);
			runOnlyForDeploymentPostprocessing = 0;
		};
		7739D2DE2BF8EAB100D7A054 /* Frameworks */ = {
			isa = PBXFrameworksBuildPhase;
			buildActionMask = 2147483647;
			files = (
			);
			runOnlyForDeploymentPostprocessing = 0;
		};
/* End PBXFrameworksBuildPhase section */

/* Begin PBXGroup section */
		7739D2B82BF8E07E00D7A054 = {
			isa = PBXGroup;
			children = (
				7739D2C32BF8E07E00D7A054 /* Places */,
				7739D2E22BF8EAB100D7A054 /* PlacesTests */,
				7739D2C22BF8E07E00D7A054 /* Products */,
			);
			sourceTree = "<group>";
		};
		7739D2C22BF8E07E00D7A054 /* Products */ = {
			isa = PBXGroup;
			children = (
				7739D2C12BF8E07E00D7A054 /* Places.app */,
				7739D2E12BF8EAB100D7A054 /* PlacesTests.xctest */,
			);
			name = Products;
			sourceTree = "<group>";
		};
		7739D2C32BF8E07E00D7A054 /* Places */ = {
			isa = PBXGroup;
			children = (
				7739D2C42BF8E07E00D7A054 /* PlacesApp.swift */,
				7739D2C82BF8E07F00D7A054 /* Assets.xcassets */,
				7739D2D82BF8E99900D7A054 /* Entities */,
				7739D2D22BF8E2E400D7A054 /* Services */,
				7739D2EE2BF9026B00D7A054 /* Features */,
				7739D2CA2BF8E07F00D7A054 /* Preview Content */,
			);
			path = Places;
			sourceTree = "<group>";
		};
		7739D2CA2BF8E07F00D7A054 /* Preview Content */ = {
			isa = PBXGroup;
			children = (
				7739D2CB2BF8E07F00D7A054 /* Preview Assets.xcassets */,
			);
			path = "Preview Content";
			sourceTree = "<group>";
		};
		7739D2D22BF8E2E400D7A054 /* Services */ = {
			isa = PBXGroup;
			children = (
				7739D30F2BFA31C800D7A054 /* Location */,
				7739D2F82BFA0DFA00D7A054 /* Utilities */,
				7739D2D32BF8E2EB00D7A054 /* Network */,
			);
			path = Services;
			sourceTree = "<group>";
		};
		7739D2D32BF8E2EB00D7A054 /* Network */ = {
			isa = PBXGroup;
			children = (
				7739D2D42BF8E32000D7A054 /* NetworkService.swift */,
				7739D2D62BF8E59A00D7A054 /* DefaultNetworkService.swift */,
			);
			path = Network;
			sourceTree = "<group>";
		};
		7739D2D82BF8E99900D7A054 /* Entities */ = {
			isa = PBXGroup;
			children = (
				7739D2D92BF8E9A000D7A054 /* Places.swift */,
				7739D2DB2BF8E9A600D7A054 /* Location.swift */,
			);
			path = Entities;
			sourceTree = "<group>";
		};
		7739D2E22BF8EAB100D7A054 /* PlacesTests */ = {
			isa = PBXGroup;
			children = (
				7739D2FB2BFA0F7900D7A054 /* Mocks */,
				7739D2E32BF8EAB100D7A054 /* NetworkServiceTests.swift */,
				7739D2FC2BFA0F8C00D7A054 /* URLComposableTests.swift */,
				7739D31A2BFB2D2900D7A054 /* LocationsListViewModelTests.swift */,
			);
			path = PlacesTests;
			sourceTree = "<group>";
		};
		7739D2EE2BF9026B00D7A054 /* Features */ = {
			isa = PBXGroup;
			children = (
				7739D3082BFA22FB00D7A054 /* Search */,
				7739D2EF2BF9027300D7A054 /* List */,
			);
			path = Features;
			sourceTree = "<group>";
		};
		7739D2EF2BF9027300D7A054 /* List */ = {
			isa = PBXGroup;
			children = (
				7739D2C62BF8E07E00D7A054 /* LocationsListView.swift */,
				7739D2F02BF9030600D7A054 /* LocationsListViewModel.swift */,
				7739D31E2BFB353D00D7A054 /* LocationViewEntity.swift */,
				7739D3222BFB37CE00D7A054 /* LocationsListError.swift */,
				7739D3202BFB356300D7A054 /* Constants.swift */,
			);
			path = List;
			sourceTree = "<group>";
		};
		7739D2F82BFA0DFA00D7A054 /* Utilities */ = {
			isa = PBXGroup;
			children = (
				7739D3032BFA1FFD00D7A054 /* URLOpenable */,
				7739D3022BFA1FEF00D7A054 /* URLComposable */,
			);
			path = Utilities;
			sourceTree = "<group>";
		};
		7739D2FB2BFA0F7900D7A054 /* Mocks */ = {
			isa = PBXGroup;
			children = (
				7739D2EA2BF8EEEA00D7A054 /* MockURLProtocol.swift */,
				7739D3142BFB2C6C00D7A054 /* MockNetworkService.swift */,
				7739D3162BFB2CDE00D7A054 /* MockURLOpenable.swift */,
				7739D3182BFB2CFE00D7A054 /* MockReverseGeocoable.swift */,
				7739D31C2BFB2D6700D7A054 /* MockURLComposable.swift */,
			);
			path = Mocks;
			sourceTree = "<group>";
		};
		7739D3022BFA1FEF00D7A054 /* URLComposable */ = {
			isa = PBXGroup;
			children = (
				7739D2F92BFA0E0D00D7A054 /* URLComposable.swift */,
				7739D2FE2BFA10D200D7A054 /* DefaultURLComposable.swift */,
			);
			path = URLComposable;
			sourceTree = "<group>";
		};
		7739D3032BFA1FFD00D7A054 /* URLOpenable */ = {
			isa = PBXGroup;
			children = (
				7739D3042BFA200F00D7A054 /* URLOpenable.swift */,
			);
			path = URLOpenable;
			sourceTree = "<group>";
		};
		7739D3082BFA22FB00D7A054 /* Search */ = {
			isa = PBXGroup;
			children = (
				7739D30B2BFA252500D7A054 /* SearchView.swift */,
			);
			path = Search;
			sourceTree = "<group>";
		};
		7739D30F2BFA31C800D7A054 /* Location */ = {
			isa = PBXGroup;
			children = (
				7739D3102BFA31F000D7A054 /* ReverseGeocodable.swift */,
				7739D3122BFA323C00D7A054 /* DefaultReverseGeocodable.swift */,
			);
			path = Location;
			sourceTree = "<group>";
		};
/* End PBXGroup section */

/* Begin PBXNativeTarget section */
		7739D2C02BF8E07E00D7A054 /* Places */ = {
			isa = PBXNativeTarget;
			buildConfigurationList = 7739D2CF2BF8E07F00D7A054 /* Build configuration list for PBXNativeTarget "Places" */;
			buildPhases = (
				7739D2BD2BF8E07E00D7A054 /* Sources */,
				7739D2BE2BF8E07E00D7A054 /* Frameworks */,
				7739D2BF2BF8E07E00D7A054 /* Resources */,
			);
			buildRules = (
			);
			dependencies = (
			);
			name = Places;
			productName = Places;
			productReference = 7739D2C12BF8E07E00D7A054 /* Places.app */;
			productType = "com.apple.product-type.application";
		};
		7739D2E02BF8EAB100D7A054 /* PlacesTests */ = {
			isa = PBXNativeTarget;
			buildConfigurationList = 7739D2E72BF8EAB100D7A054 /* Build configuration list for PBXNativeTarget "PlacesTests" */;
			buildPhases = (
				7739D2DD2BF8EAB100D7A054 /* Sources */,
				7739D2DE2BF8EAB100D7A054 /* Frameworks */,
				7739D2DF2BF8EAB100D7A054 /* Resources */,
			);
			buildRules = (
			);
			dependencies = (
				7739D2E62BF8EAB100D7A054 /* PBXTargetDependency */,
			);
			name = PlacesTests;
			productName = PlacesTests;
			productReference = 7739D2E12BF8EAB100D7A054 /* PlacesTests.xctest */;
			productType = "com.apple.product-type.bundle.unit-test";
		};
/* End PBXNativeTarget section */

/* Begin PBXProject section */
		7739D2B92BF8E07E00D7A054 /* Project object */ = {
			isa = PBXProject;
			attributes = {
				BuildIndependentTargetsInParallel = 1;
				LastSwiftUpdateCheck = 1540;
				LastUpgradeCheck = 1540;
				TargetAttributes = {
					7739D2C02BF8E07E00D7A054 = {
						CreatedOnToolsVersion = 15.4;
					};
					7739D2E02BF8EAB100D7A054 = {
						CreatedOnToolsVersion = 15.4;
						TestTargetID = 7739D2C02BF8E07E00D7A054;
					};
				};
			};
			buildConfigurationList = 7739D2BC2BF8E07E00D7A054 /* Build configuration list for PBXProject "Places" */;
			compatibilityVersion = "Xcode 14.0";
			developmentRegion = en;
			hasScannedForEncodings = 0;
			knownRegions = (
				en,
				Base,
			);
			mainGroup = 7739D2B82BF8E07E00D7A054;
			productRefGroup = 7739D2C22BF8E07E00D7A054 /* Products */;
			projectDirPath = "";
			projectRoot = "";
			targets = (
				7739D2C02BF8E07E00D7A054 /* Places */,
				7739D2E02BF8EAB100D7A054 /* PlacesTests */,
			);
		};
/* End PBXProject section */

/* Begin PBXResourcesBuildPhase section */
		7739D2BF2BF8E07E00D7A054 /* Resources */ = {
			isa = PBXResourcesBuildPhase;
			buildActionMask = 2147483647;
			files = (
				7739D2CC2BF8E07F00D7A054 /* Preview Assets.xcassets in Resources */,
				7739D2C92BF8E07F00D7A054 /* Assets.xcassets in Resources */,
			);
			runOnlyForDeploymentPostprocessing = 0;
		};
		7739D2DF2BF8EAB100D7A054 /* Resources */ = {
			isa = PBXResourcesBuildPhase;
			buildActionMask = 2147483647;
			files = (
			);
			runOnlyForDeploymentPostprocessing = 0;
		};
/* End PBXResourcesBuildPhase section */

/* Begin PBXSourcesBuildPhase section */
		7739D2BD2BF8E07E00D7A054 /* Sources */ = {
			isa = PBXSourcesBuildPhase;
			buildActionMask = 2147483647;
			files = (
				7739D2DA2BF8E9A000D7A054 /* Places.swift in Sources */,
				7739D2C72BF8E07E00D7A054 /* LocationsListView.swift in Sources */,
				7739D2D52BF8E32000D7A054 /* NetworkService.swift in Sources */,
				7739D2DC2BF8E9A600D7A054 /* Location.swift in Sources */,
				7739D2FF2BFA10D200D7A054 /* DefaultURLComposable.swift in Sources */,
				7739D3232BFB37CE00D7A054 /* LocationsListError.swift in Sources */,
				7739D3212BFB356300D7A054 /* Constants.swift in Sources */,
				7739D2D72BF8E59A00D7A054 /* DefaultNetworkService.swift in Sources */,
				7739D2F12BF9030600D7A054 /* LocationsListViewModel.swift in Sources */,
				7739D3052BFA200F00D7A054 /* URLOpenable.swift in Sources */,
				7739D3132BFA323C00D7A054 /* DefaultReverseGeocodable.swift in Sources */,
				7739D2FA2BFA0E0D00D7A054 /* URLComposable.swift in Sources */,
				7739D2C52BF8E07E00D7A054 /* PlacesApp.swift in Sources */,
				7739D3112BFA31F000D7A054 /* ReverseGeocodable.swift in Sources */,
				7739D31F2BFB353D00D7A054 /* LocationViewEntity.swift in Sources */,
				7739D30C2BFA252500D7A054 /* SearchView.swift in Sources */,
			);
			runOnlyForDeploymentPostprocessing = 0;
		};
		7739D2DD2BF8EAB100D7A054 /* Sources */ = {
			isa = PBXSourcesBuildPhase;
			buildActionMask = 2147483647;
			files = (
				7739D3152BFB2C6C00D7A054 /* MockNetworkService.swift in Sources */,
				7739D2E42BF8EAB100D7A054 /* NetworkServiceTests.swift in Sources */,
				7739D2EB2BF8EEEA00D7A054 /* MockURLProtocol.swift in Sources */,
				7739D2FD2BFA0F8C00D7A054 /* URLComposableTests.swift in Sources */,
				7739D31D2BFB2D6700D7A054 /* MockURLComposable.swift in Sources */,
				7739D31B2BFB2D2900D7A054 /* LocationsListViewModelTests.swift in Sources */,
				7739D3192BFB2CFE00D7A054 /* MockReverseGeocoable.swift in Sources */,
				7739D3172BFB2CDE00D7A054 /* MockURLOpenable.swift in Sources */,
			);
			runOnlyForDeploymentPostprocessing = 0;
		};
/* End PBXSourcesBuildPhase section */

/* Begin PBXTargetDependency section */
		7739D2E62BF8EAB100D7A054 /* PBXTargetDependency */ = {
			isa = PBXTargetDependency;
			target = 7739D2C02BF8E07E00D7A054 /* Places */;
			targetProxy = 7739D2E52BF8EAB100D7A054 /* PBXContainerItemProxy */;
		};
/* End PBXTargetDependency section */

/* Begin XCBuildConfiguration section */
		7739D2CD2BF8E07F00D7A054 /* Debug */ = {
			isa = XCBuildConfiguration;
			buildSettings = {
				ALWAYS_SEARCH_USER_PATHS = NO;
				ASSETCATALOG_COMPILER_GENERATE_SWIFT_ASSET_SYMBOL_EXTENSIONS = YES;
				CLANG_ANALYZER_NONNULL = YES;
				CLANG_ANALYZER_NUMBER_OBJECT_CONVERSION = YES_AGGRESSIVE;
				CLANG_CXX_LANGUAGE_STANDARD = "gnu++20";
				CLANG_ENABLE_MODULES = YES;
				CLANG_ENABLE_OBJC_ARC = YES;
				CLANG_ENABLE_OBJC_WEAK = YES;
				CLANG_WARN_BLOCK_CAPTURE_AUTORELEASING = YES;
				CLANG_WARN_BOOL_CONVERSION = YES;
				CLANG_WARN_COMMA = YES;
				CLANG_WARN_CONSTANT_CONVERSION = YES;
				CLANG_WARN_DEPRECATED_OBJC_IMPLEMENTATIONS = YES;
				CLANG_WARN_DIRECT_OBJC_ISA_USAGE = YES_ERROR;
				CLANG_WARN_DOCUMENTATION_COMMENTS = YES;
				CLANG_WARN_EMPTY_BODY = YES;
				CLANG_WARN_ENUM_CONVERSION = YES;
				CLANG_WARN_INFINITE_RECURSION = YES;
				CLANG_WARN_INT_CONVERSION = YES;
				CLANG_WARN_NON_LITERAL_NULL_CONVERSION = YES;
				CLANG_WARN_OBJC_IMPLICIT_RETAIN_SELF = YES;
				CLANG_WARN_OBJC_LITERAL_CONVERSION = YES;
				CLANG_WARN_OBJC_ROOT_CLASS = YES_ERROR;
				CLANG_WARN_QUOTED_INCLUDE_IN_FRAMEWORK_HEADER = YES;
				CLANG_WARN_RANGE_LOOP_ANALYSIS = YES;
				CLANG_WARN_STRICT_PROTOTYPES = YES;
				CLANG_WARN_SUSPICIOUS_MOVE = YES;
				CLANG_WARN_UNGUARDED_AVAILABILITY = YES_AGGRESSIVE;
				CLANG_WARN_UNREACHABLE_CODE = YES;
				CLANG_WARN__DUPLICATE_METHOD_MATCH = YES;
				COPY_PHASE_STRIP = NO;
				DEBUG_INFORMATION_FORMAT = dwarf;
				ENABLE_STRICT_OBJC_MSGSEND = YES;
				ENABLE_TESTABILITY = YES;
				ENABLE_USER_SCRIPT_SANDBOXING = YES;
				GCC_C_LANGUAGE_STANDARD = gnu17;
				GCC_DYNAMIC_NO_PIC = NO;
				GCC_NO_COMMON_BLOCKS = YES;
				GCC_OPTIMIZATION_LEVEL = 0;
				GCC_PREPROCESSOR_DEFINITIONS = (
					"DEBUG=1",
					"$(inherited)",
				);
				GCC_WARN_64_TO_32_BIT_CONVERSION = YES;
				GCC_WARN_ABOUT_RETURN_TYPE = YES_ERROR;
				GCC_WARN_UNDECLARED_SELECTOR = YES;
				GCC_WARN_UNINITIALIZED_AUTOS = YES_AGGRESSIVE;
				GCC_WARN_UNUSED_FUNCTION = YES;
				GCC_WARN_UNUSED_VARIABLE = YES;
				IPHONEOS_DEPLOYMENT_TARGET = 17.5;
				LOCALIZATION_PREFERS_STRING_CATALOGS = YES;
				MTL_ENABLE_DEBUG_INFO = INCLUDE_SOURCE;
				MTL_FAST_MATH = YES;
				ONLY_ACTIVE_ARCH = YES;
				SDKROOT = iphoneos;
				SWIFT_ACTIVE_COMPILATION_CONDITIONS = "DEBUG $(inherited)";
				SWIFT_OPTIMIZATION_LEVEL = "-Onone";
			};
			name = Debug;
		};
		7739D2CE2BF8E07F00D7A054 /* Release */ = {
			isa = XCBuildConfiguration;
			buildSettings = {
				ALWAYS_SEARCH_USER_PATHS = NO;
				ASSETCATALOG_COMPILER_GENERATE_SWIFT_ASSET_SYMBOL_EXTENSIONS = YES;
				CLANG_ANALYZER_NONNULL = YES;
				CLANG_ANALYZER_NUMBER_OBJECT_CONVERSION = YES_AGGRESSIVE;
				CLANG_CXX_LANGUAGE_STANDARD = "gnu++20";
				CLANG_ENABLE_MODULES = YES;
				CLANG_ENABLE_OBJC_ARC = YES;
				CLANG_ENABLE_OBJC_WEAK = YES;
				CLANG_WARN_BLOCK_CAPTURE_AUTORELEASING = YES;
				CLANG_WARN_BOOL_CONVERSION = YES;
				CLANG_WARN_COMMA = YES;
				CLANG_WARN_CONSTANT_CONVERSION = YES;
				CLANG_WARN_DEPRECATED_OBJC_IMPLEMENTATIONS = YES;
				CLANG_WARN_DIRECT_OBJC_ISA_USAGE = YES_ERROR;
				CLANG_WARN_DOCUMENTATION_COMMENTS = YES;
				CLANG_WARN_EMPTY_BODY = YES;
				CLANG_WARN_ENUM_CONVERSION = YES;
				CLANG_WARN_INFINITE_RECURSION = YES;
				CLANG_WARN_INT_CONVERSION = YES;
				CLANG_WARN_NON_LITERAL_NULL_CONVERSION = YES;
				CLANG_WARN_OBJC_IMPLICIT_RETAIN_SELF = YES;
				CLANG_WARN_OBJC_LITERAL_CONVERSION = YES;
				CLANG_WARN_OBJC_ROOT_CLASS = YES_ERROR;
				CLANG_WARN_QUOTED_INCLUDE_IN_FRAMEWORK_HEADER = YES;
				CLANG_WARN_RANGE_LOOP_ANALYSIS = YES;
				CLANG_WARN_STRICT_PROTOTYPES = YES;
				CLANG_WARN_SUSPICIOUS_MOVE = YES;
				CLANG_WARN_UNGUARDED_AVAILABILITY = YES_AGGRESSIVE;
				CLANG_WARN_UNREACHABLE_CODE = YES;
				CLANG_WARN__DUPLICATE_METHOD_MATCH = YES;
				COPY_PHASE_STRIP = NO;
				DEBUG_INFORMATION_FORMAT = "dwarf-with-dsym";
				ENABLE_NS_ASSERTIONS = NO;
				ENABLE_STRICT_OBJC_MSGSEND = YES;
				ENABLE_USER_SCRIPT_SANDBOXING = YES;
				GCC_C_LANGUAGE_STANDARD = gnu17;
				GCC_NO_COMMON_BLOCKS = YES;
				GCC_WARN_64_TO_32_BIT_CONVERSION = YES;
				GCC_WARN_ABOUT_RETURN_TYPE = YES_ERROR;
				GCC_WARN_UNDECLARED_SELECTOR = YES;
				GCC_WARN_UNINITIALIZED_AUTOS = YES_AGGRESSIVE;
				GCC_WARN_UNUSED_FUNCTION = YES;
				GCC_WARN_UNUSED_VARIABLE = YES;
				IPHONEOS_DEPLOYMENT_TARGET = 17.5;
				LOCALIZATION_PREFERS_STRING_CATALOGS = YES;
				MTL_ENABLE_DEBUG_INFO = NO;
				MTL_FAST_MATH = YES;
				SDKROOT = iphoneos;
				SWIFT_COMPILATION_MODE = wholemodule;
				VALIDATE_PRODUCT = YES;
			};
			name = Release;
		};
		7739D2D02BF8E07F00D7A054 /* Debug */ = {
			isa = XCBuildConfiguration;
			buildSettings = {
				ASSETCATALOG_COMPILER_APPICON_NAME = AppIcon;
				ASSETCATALOG_COMPILER_GLOBAL_ACCENT_COLOR_NAME = AccentColor;
				CODE_SIGN_STYLE = Automatic;
				CURRENT_PROJECT_VERSION = 1;
				DEVELOPMENT_ASSET_PATHS = "\"Places/Preview Content\"";
				DEVELOPMENT_TEAM = 6U76726R8M;
				ENABLE_PREVIEWS = YES;
				GENERATE_INFOPLIST_FILE = YES;
				INFOPLIST_KEY_UIApplicationSceneManifest_Generation = YES;
				INFOPLIST_KEY_UIApplicationSupportsIndirectInputEvents = YES;
				INFOPLIST_KEY_UILaunchScreen_Generation = YES;
				INFOPLIST_KEY_UISupportedInterfaceOrientations_iPad = "UIInterfaceOrientationPortrait UIInterfaceOrientationPortraitUpsideDown UIInterfaceOrientationLandscapeLeft UIInterfaceOrientationLandscapeRight";
				INFOPLIST_KEY_UISupportedInterfaceOrientations_iPhone = "UIInterfaceOrientationPortrait UIInterfaceOrientationLandscapeLeft UIInterfaceOrientationLandscapeRight";
				LD_RUNPATH_SEARCH_PATHS = (
					"$(inherited)",
					"@executable_path/Frameworks",
				);
				MARKETING_VERSION = 1.0;
				PRODUCT_BUNDLE_IDENTIFIER = com.marcodriessen.Places;
				PRODUCT_NAME = "$(TARGET_NAME)";
				SWIFT_EMIT_LOC_STRINGS = YES;
				SWIFT_VERSION = 5.0;
				TARGETED_DEVICE_FAMILY = "1,2";
			};
			name = Debug;
		};
		7739D2D12BF8E07F00D7A054 /* Release */ = {
			isa = XCBuildConfiguration;
			buildSettings = {
				ASSETCATALOG_COMPILER_APPICON_NAME = AppIcon;
				ASSETCATALOG_COMPILER_GLOBAL_ACCENT_COLOR_NAME = AccentColor;
				CODE_SIGN_STYLE = Automatic;
				CURRENT_PROJECT_VERSION = 1;
				DEVELOPMENT_ASSET_PATHS = "\"Places/Preview Content\"";
				DEVELOPMENT_TEAM = 6U76726R8M;
				ENABLE_PREVIEWS = YES;
				GENERATE_INFOPLIST_FILE = YES;
				INFOPLIST_KEY_UIApplicationSceneManifest_Generation = YES;
				INFOPLIST_KEY_UIApplicationSupportsIndirectInputEvents = YES;
				INFOPLIST_KEY_UILaunchScreen_Generation = YES;
				INFOPLIST_KEY_UISupportedInterfaceOrientations_iPad = "UIInterfaceOrientationPortrait UIInterfaceOrientationPortraitUpsideDown UIInterfaceOrientationLandscapeLeft UIInterfaceOrientationLandscapeRight";
				INFOPLIST_KEY_UISupportedInterfaceOrientations_iPhone = "UIInterfaceOrientationPortrait UIInterfaceOrientationLandscapeLeft UIInterfaceOrientationLandscapeRight";
				LD_RUNPATH_SEARCH_PATHS = (
					"$(inherited)",
					"@executable_path/Frameworks",
				);
				MARKETING_VERSION = 1.0;
				PRODUCT_BUNDLE_IDENTIFIER = com.marcodriessen.Places;
				PRODUCT_NAME = "$(TARGET_NAME)";
				SWIFT_EMIT_LOC_STRINGS = YES;
				SWIFT_VERSION = 5.0;
				TARGETED_DEVICE_FAMILY = "1,2";
			};
			name = Release;
		};
		7739D2E82BF8EAB100D7A054 /* Debug */ = {
			isa = XCBuildConfiguration;
			buildSettings = {
				BUNDLE_LOADER = "$(TEST_HOST)";
				CODE_SIGN_STYLE = Automatic;
				CURRENT_PROJECT_VERSION = 1;
				DEVELOPMENT_TEAM = 6U76726R8M;
				GENERATE_INFOPLIST_FILE = YES;
				MARKETING_VERSION = 1.0;
				PRODUCT_BUNDLE_IDENTIFIER = com.marcodriessen.PlacesTests;
				PRODUCT_NAME = "$(TARGET_NAME)";
				SWIFT_EMIT_LOC_STRINGS = NO;
				SWIFT_VERSION = 5.0;
				TARGETED_DEVICE_FAMILY = "1,2";
				TEST_HOST = "$(BUILT_PRODUCTS_DIR)/Places.app/$(BUNDLE_EXECUTABLE_FOLDER_PATH)/Places";
			};
			name = Debug;
		};
		7739D2E92BF8EAB100D7A054 /* Release */ = {
			isa = XCBuildConfiguration;
			buildSettings = {
				BUNDLE_LOADER = "$(TEST_HOST)";
				CODE_SIGN_STYLE = Automatic;
				CURRENT_PROJECT_VERSION = 1;
				DEVELOPMENT_TEAM = 6U76726R8M;
				GENERATE_INFOPLIST_FILE = YES;
				MARKETING_VERSION = 1.0;
				PRODUCT_BUNDLE_IDENTIFIER = com.marcodriessen.PlacesTests;
				PRODUCT_NAME = "$(TARGET_NAME)";
				SWIFT_EMIT_LOC_STRINGS = NO;
				SWIFT_VERSION = 5.0;
				TARGETED_DEVICE_FAMILY = "1,2";
				TEST_HOST = "$(BUILT_PRODUCTS_DIR)/Places.app/$(BUNDLE_EXECUTABLE_FOLDER_PATH)/Places";
			};
			name = Release;
		};
/* End XCBuildConfiguration section */

/* Begin XCConfigurationList section */
		7739D2BC2BF8E07E00D7A054 /* Build configuration list for PBXProject "Places" */ = {
			isa = XCConfigurationList;
			buildConfigurations = (
				7739D2CD2BF8E07F00D7A054 /* Debug */,
				7739D2CE2BF8E07F00D7A054 /* Release */,
			);
			defaultConfigurationIsVisible = 0;
			defaultConfigurationName = Release;
		};
		7739D2CF2BF8E07F00D7A054 /* Build configuration list for PBXNativeTarget "Places" */ = {
			isa = XCConfigurationList;
			buildConfigurations = (
				7739D2D02BF8E07F00D7A054 /* Debug */,
				7739D2D12BF8E07F00D7A054 /* Release */,
			);
			defaultConfigurationIsVisible = 0;
			defaultConfigurationName = Release;
		};
		7739D2E72BF8EAB100D7A054 /* Build configuration list for PBXNativeTarget "PlacesTests" */ = {
			isa = XCConfigurationList;
			buildConfigurations = (
				7739D2E82BF8EAB100D7A054 /* Debug */,
				7739D2E92BF8EAB100D7A054 /* Release */,
			);
			defaultConfigurationIsVisible = 0;
			defaultConfigurationName = Release;
		};
/* End XCConfigurationList section */
	};
	rootObject = 7739D2B92BF8E07E00D7A054 /* Project object */;
}
